// !$*UTF8*$!
{
	archiveVersion = 1;
	classes = {
	};
	objectVersion = 50;
	objects = {

/* Begin PBXBuildFile section */
		925F66AA24078FDA006B6AB5 /* Schedule.swift in Sources */ = {isa = PBXBuildFile; fileRef = 925F66A924078FDA006B6AB5 /* Schedule.swift */; };
		925F66AD24079BA8006B6AB5 /* Card.swift in Sources */ = {isa = PBXBuildFile; fileRef = 925F66AC24079BA8006B6AB5 /* Card.swift */; };
		925F66B024079F08006B6AB5 /* Sponsors.swift in Sources */ = {isa = PBXBuildFile; fileRef = 925F66AF24079F08006B6AB5 /* Sponsors.swift */; };
		925F66B22407A267006B6AB5 /* BuyTickets.swift in Sources */ = {isa = PBXBuildFile; fileRef = 925F66B12407A267006B6AB5 /* BuyTickets.swift */; };
		92CC990824069B630041B8E8 /* AppDelegate.swift in Sources */ = {isa = PBXBuildFile; fileRef = 92CC990724069B630041B8E8 /* AppDelegate.swift */; };
		92CC990A24069B630041B8E8 /* SceneDelegate.swift in Sources */ = {isa = PBXBuildFile; fileRef = 92CC990924069B630041B8E8 /* SceneDelegate.swift */; };
		92CC990C24069B630041B8E8 /* ContentView.swift in Sources */ = {isa = PBXBuildFile; fileRef = 92CC990B24069B630041B8E8 /* ContentView.swift */; };
		92CC990E24069B650041B8E8 /* Assets.xcassets in Resources */ = {isa = PBXBuildFile; fileRef = 92CC990D24069B650041B8E8 /* Assets.xcassets */; };
		92CC991124069B650041B8E8 /* Preview Assets.xcassets in Resources */ = {isa = PBXBuildFile; fileRef = 92CC991024069B650041B8E8 /* Preview Assets.xcassets */; };
		92CC991424069B650041B8E8 /* LaunchScreen.storyboard in Resources */ = {isa = PBXBuildFile; fileRef = 92CC991224069B650041B8E8 /* LaunchScreen.storyboard */; };
		92CC991F24069B650041B8E8 /* deleteTests.swift in Sources */ = {isa = PBXBuildFile; fileRef = 92CC991E24069B650041B8E8 /* deleteTests.swift */; };
		92CC992A24069B650041B8E8 /* deleteUITests.swift in Sources */ = {isa = PBXBuildFile; fileRef = 92CC992924069B650041B8E8 /* deleteUITests.swift */; };
		92CC99382406A9C40041B8E8 /* HomeScreen.swift in Sources */ = {isa = PBXBuildFile; fileRef = 92CC99372406A9C40041B8E8 /* HomeScreen.swift */; };
/* End PBXBuildFile section */

/* Begin PBXContainerItemProxy section */
		92CC991B24069B650041B8E8 /* PBXContainerItemProxy */ = {
			isa = PBXContainerItemProxy;
			containerPortal = 92CC98FC24069B630041B8E8 /* Project object */;
			proxyType = 1;
			remoteGlobalIDString = 92CC990324069B630041B8E8;
			remoteInfo = delete;
		};
		92CC992624069B650041B8E8 /* PBXContainerItemProxy */ = {
			isa = PBXContainerItemProxy;
			containerPortal = 92CC98FC24069B630041B8E8 /* Project object */;
			proxyType = 1;
			remoteGlobalIDString = 92CC990324069B630041B8E8;
			remoteInfo = delete;
		};
/* End PBXContainerItemProxy section */

/* Begin PBXFileReference section */
		925F66A924078FDA006B6AB5 /* Schedule.swift */ = {isa = PBXFileReference; lastKnownFileType = sourcecode.swift; path = Schedule.swift; sourceTree = "<group>"; };
		925F66AC24079BA8006B6AB5 /* Card.swift */ = {isa = PBXFileReference; lastKnownFileType = sourcecode.swift; path = Card.swift; sourceTree = "<group>"; };
		925F66AF24079F08006B6AB5 /* Sponsors.swift */ = {isa = PBXFileReference; lastKnownFileType = sourcecode.swift; path = Sponsors.swift; sourceTree = "<group>"; };
		925F66B12407A267006B6AB5 /* BuyTickets.swift */ = {isa = PBXFileReference; lastKnownFileType = sourcecode.swift; path = BuyTickets.swift; sourceTree = "<group>"; };
		92CC990424069B630041B8E8 /* delete.app */ = {isa = PBXFileReference; explicitFileType = wrapper.application; includeInIndex = 0; path = delete.app; sourceTree = BUILT_PRODUCTS_DIR; };
		92CC990724069B630041B8E8 /* AppDelegate.swift */ = {isa = PBXFileReference; lastKnownFileType = sourcecode.swift; path = AppDelegate.swift; sourceTree = "<group>"; };
		92CC990924069B630041B8E8 /* SceneDelegate.swift */ = {isa = PBXFileReference; lastKnownFileType = sourcecode.swift; path = SceneDelegate.swift; sourceTree = "<group>"; };
		92CC990B24069B630041B8E8 /* ContentView.swift */ = {isa = PBXFileReference; lastKnownFileType = sourcecode.swift; path = ContentView.swift; sourceTree = "<group>"; };
		92CC990D24069B650041B8E8 /* Assets.xcassets */ = {isa = PBXFileReference; lastKnownFileType = folder.assetcatalog; path = Assets.xcassets; sourceTree = "<group>"; };
		92CC991024069B650041B8E8 /* Preview Assets.xcassets */ = {isa = PBXFileReference; lastKnownFileType = folder.assetcatalog; path = "Preview Assets.xcassets"; sourceTree = "<group>"; };
		92CC991324069B650041B8E8 /* Base */ = {isa = PBXFileReference; lastKnownFileType = file.storyboard; name = Base; path = Base.lproj/LaunchScreen.storyboard; sourceTree = "<group>"; };
		92CC991524069B650041B8E8 /* Info.plist */ = {isa = PBXFileReference; lastKnownFileType = text.plist.xml; path = Info.plist; sourceTree = "<group>"; };
		92CC991A24069B650041B8E8 /* deleteTests.xctest */ = {isa = PBXFileReference; explicitFileType = wrapper.cfbundle; includeInIndex = 0; path = deleteTests.xctest; sourceTree = BUILT_PRODUCTS_DIR; };
		92CC991E24069B650041B8E8 /* deleteTests.swift */ = {isa = PBXFileReference; lastKnownFileType = sourcecode.swift; path = deleteTests.swift; sourceTree = "<group>"; };
		92CC992024069B650041B8E8 /* Info.plist */ = {isa = PBXFileReference; lastKnownFileType = text.plist.xml; path = Info.plist; sourceTree = "<group>"; };
		92CC992524069B650041B8E8 /* deleteUITests.xctest */ = {isa = PBXFileReference; explicitFileType = wrapper.cfbundle; includeInIndex = 0; path = deleteUITests.xctest; sourceTree = BUILT_PRODUCTS_DIR; };
		92CC992924069B650041B8E8 /* deleteUITests.swift */ = {isa = PBXFileReference; lastKnownFileType = sourcecode.swift; path = deleteUITests.swift; sourceTree = "<group>"; };
		92CC992B24069B650041B8E8 /* Info.plist */ = {isa = PBXFileReference; lastKnownFileType = text.plist.xml; path = Info.plist; sourceTree = "<group>"; };
		92CC99372406A9C40041B8E8 /* HomeScreen.swift */ = {isa = PBXFileReference; lastKnownFileType = sourcecode.swift; path = HomeScreen.swift; sourceTree = "<group>"; };
/* End PBXFileReference section */

/* Begin PBXFrameworksBuildPhase section */
		92CC990124069B630041B8E8 /* Frameworks */ = {
			isa = PBXFrameworksBuildPhase;
			buildActionMask = 2147483647;
			files = (
			);
			runOnlyForDeploymentPostprocessing = 0;
		};
		92CC991724069B650041B8E8 /* Frameworks */ = {
			isa = PBXFrameworksBuildPhase;
			buildActionMask = 2147483647;
			files = (
			);
			runOnlyForDeploymentPostprocessing = 0;
		};
		92CC992224069B650041B8E8 /* Frameworks */ = {
			isa = PBXFrameworksBuildPhase;
			buildActionMask = 2147483647;
			files = (
			);
			runOnlyForDeploymentPostprocessing = 0;
		};
/* End PBXFrameworksBuildPhase section */

/* Begin PBXGroup section */
		925F66AB24079B96006B6AB5 /* views */ = {
			isa = PBXGroup;
			children = (
				925F66AC24079BA8006B6AB5 /* Card.swift */,
			);
			path = views;
			sourceTree = "<group>";
		};
		925F66AE24079E38006B6AB5 /* tabs */ = {
			isa = PBXGroup;
			children = (
				92CC99372406A9C40041B8E8 /* HomeScreen.swift */,
				925F66A924078FDA006B6AB5 /* Schedule.swift */,
				925F66AF24079F08006B6AB5 /* Sponsors.swift */,
				925F66B12407A267006B6AB5 /* BuyTickets.swift */,
			);
			path = tabs;
			sourceTree = "<group>";
		};
		92CC98FB24069B630041B8E8 = {
			isa = PBXGroup;
			children = (
				92CC990624069B630041B8E8 /* delete */,
				92CC991D24069B650041B8E8 /* deleteTests */,
				92CC992824069B650041B8E8 /* deleteUITests */,
				92CC990524069B630041B8E8 /* Products */,
			);
			sourceTree = "<group>";
		};
		92CC990524069B630041B8E8 /* Products */ = {
			isa = PBXGroup;
			children = (
				92CC990424069B630041B8E8 /* delete.app */,
				92CC991A24069B650041B8E8 /* deleteTests.xctest */,
				92CC992524069B650041B8E8 /* deleteUITests.xctest */,
			);
			name = Products;
			sourceTree = "<group>";
		};
		92CC990624069B630041B8E8 /* delete */ = {
			isa = PBXGroup;
			children = (
				925F66AE24079E38006B6AB5 /* tabs */,
				925F66AB24079B96006B6AB5 /* views */,
				92CC990724069B630041B8E8 /* AppDelegate.swift */,
				92CC990924069B630041B8E8 /* SceneDelegate.swift */,
				92CC990B24069B630041B8E8 /* ContentView.swift */,
				92CC990D24069B650041B8E8 /* Assets.xcassets */,
				92CC991224069B650041B8E8 /* LaunchScreen.storyboard */,
				92CC991524069B650041B8E8 /* Info.plist */,
				92CC990F24069B650041B8E8 /* Preview Content */,
			);
			path = delete;
			sourceTree = "<group>";
		};
		92CC990F24069B650041B8E8 /* Preview Content */ = {
			isa = PBXGroup;
			children = (
				92CC991024069B650041B8E8 /* Preview Assets.xcassets */,
			);
			path = "Preview Content";
			sourceTree = "<group>";
		};
		92CC991D24069B650041B8E8 /* deleteTests */ = {
			isa = PBXGroup;
			children = (
				92CC991E24069B650041B8E8 /* deleteTests.swift */,
				92CC992024069B650041B8E8 /* Info.plist */,
			);
			path = deleteTests;
			sourceTree = "<group>";
		};
		92CC992824069B650041B8E8 /* deleteUITests */ = {
			isa = PBXGroup;
			children = (
				92CC992924069B650041B8E8 /* deleteUITests.swift */,
				92CC992B24069B650041B8E8 /* Info.plist */,
			);
			path = deleteUITests;
			sourceTree = "<group>";
		};
/* End PBXGroup section */

/* Begin PBXNativeTarget section */
		92CC990324069B630041B8E8 /* delete */ = {
			isa = PBXNativeTarget;
			buildConfigurationList = 92CC992E24069B660041B8E8 /* Build configuration list for PBXNativeTarget "delete" */;
			buildPhases = (
				92CC990024069B630041B8E8 /* Sources */,
				92CC990124069B630041B8E8 /* Frameworks */,
				92CC990224069B630041B8E8 /* Resources */,
			);
			buildRules = (
			);
			dependencies = (
			);
			name = delete;
			productName = delete;
			productReference = 92CC990424069B630041B8E8 /* delete.app */;
			productType = "com.apple.product-type.application";
		};
		92CC991924069B650041B8E8 /* deleteTests */ = {
			isa = PBXNativeTarget;
			buildConfigurationList = 92CC993124069B660041B8E8 /* Build configuration list for PBXNativeTarget "deleteTests" */;
			buildPhases = (
				92CC991624069B650041B8E8 /* Sources */,
				92CC991724069B650041B8E8 /* Frameworks */,
				92CC991824069B650041B8E8 /* Resources */,
			);
			buildRules = (
			);
			dependencies = (
				92CC991C24069B650041B8E8 /* PBXTargetDependency */,
			);
			name = deleteTests;
			productName = deleteTests;
			productReference = 92CC991A24069B650041B8E8 /* deleteTests.xctest */;
			productType = "com.apple.product-type.bundle.unit-test";
		};
		92CC992424069B650041B8E8 /* deleteUITests */ = {
			isa = PBXNativeTarget;
			buildConfigurationList = 92CC993424069B660041B8E8 /* Build configuration list for PBXNativeTarget "deleteUITests" */;
			buildPhases = (
				92CC992124069B650041B8E8 /* Sources */,
				92CC992224069B650041B8E8 /* Frameworks */,
				92CC992324069B650041B8E8 /* Resources */,
			);
			buildRules = (
			);
			dependencies = (
				92CC992724069B650041B8E8 /* PBXTargetDependency */,
			);
			name = deleteUITests;
			productName = deleteUITests;
			productReference = 92CC992524069B650041B8E8 /* deleteUITests.xctest */;
			productType = "com.apple.product-type.bundle.ui-testing";
		};
/* End PBXNativeTarget section */

/* Begin PBXProject section */
		92CC98FC24069B630041B8E8 /* Project object */ = {
			isa = PBXProject;
			attributes = {
				LastSwiftUpdateCheck = 1130;
				LastUpgradeCheck = 1130;
				ORGANIZATIONNAME = "Sarim Khan";
				TargetAttributes = {
					92CC990324069B630041B8E8 = {
						CreatedOnToolsVersion = 11.3;
					};
					92CC991924069B650041B8E8 = {
						CreatedOnToolsVersion = 11.3;
						TestTargetID = 92CC990324069B630041B8E8;
					};
					92CC992424069B650041B8E8 = {
						CreatedOnToolsVersion = 11.3;
						TestTargetID = 92CC990324069B630041B8E8;
					};
				};
			};
			buildConfigurationList = 92CC98FF24069B630041B8E8 /* Build configuration list for PBXProject "delete" */;
			compatibilityVersion = "Xcode 9.3";
			developmentRegion = en;
			hasScannedForEncodings = 0;
			knownRegions = (
				en,
				Base,
			);
			mainGroup = 92CC98FB24069B630041B8E8;
			productRefGroup = 92CC990524069B630041B8E8 /* Products */;
			projectDirPath = "";
			projectRoot = "";
			targets = (
				92CC990324069B630041B8E8 /* delete */,
				92CC991924069B650041B8E8 /* deleteTests */,
				92CC992424069B650041B8E8 /* deleteUITests */,
			);
		};
/* End PBXProject section */

/* Begin PBXResourcesBuildPhase section */
		92CC990224069B630041B8E8 /* Resources */ = {
			isa = PBXResourcesBuildPhase;
			buildActionMask = 2147483647;
			files = (
				92CC991424069B650041B8E8 /* LaunchScreen.storyboard in Resources */,
				92CC991124069B650041B8E8 /* Preview Assets.xcassets in Resources */,
				92CC990E24069B650041B8E8 /* Assets.xcassets in Resources */,
			);
			runOnlyForDeploymentPostprocessing = 0;
		};
		92CC991824069B650041B8E8 /* Resources */ = {
			isa = PBXResourcesBuildPhase;
			buildActionMask = 2147483647;
			files = (
			);
			runOnlyForDeploymentPostprocessing = 0;
		};
		92CC992324069B650041B8E8 /* Resources */ = {
			isa = PBXResourcesBuildPhase;
			buildActionMask = 2147483647;
			files = (
			);
			runOnlyForDeploymentPostprocessing = 0;
		};
/* End PBXResourcesBuildPhase section */

/* Begin PBXSourcesBuildPhase section */
		92CC990024069B630041B8E8 /* Sources */ = {
			isa = PBXSourcesBuildPhase;
			buildActionMask = 2147483647;
			files = (
				925F66B024079F08006B6AB5 /* Sponsors.swift in Sources */,
				92CC99382406A9C40041B8E8 /* HomeScreen.swift in Sources */,
				925F66B22407A267006B6AB5 /* BuyTickets.swift in Sources */,
				925F66AD24079BA8006B6AB5 /* Card.swift in Sources */,
				92CC990824069B630041B8E8 /* AppDelegate.swift in Sources */,
				92CC990A24069B630041B8E8 /* SceneDelegate.swift in Sources */,
				925F66AA24078FDA006B6AB5 /* Schedule.swift in Sources */,
				92CC990C24069B630041B8E8 /* ContentView.swift in Sources */,
			);
			runOnlyForDeploymentPostprocessing = 0;
		};
		92CC991624069B650041B8E8 /* Sources */ = {
			isa = PBXSourcesBuildPhase;
			buildActionMask = 2147483647;
			files = (
				92CC991F24069B650041B8E8 /* deleteTests.swift in Sources */,
			);
			runOnlyForDeploymentPostprocessing = 0;
		};
		92CC992124069B650041B8E8 /* Sources */ = {
			isa = PBXSourcesBuildPhase;
			buildActionMask = 2147483647;
			files = (
				92CC992A24069B650041B8E8 /* deleteUITests.swift in Sources */,
			);
			runOnlyForDeploymentPostprocessing = 0;
		};
/* End PBXSourcesBuildPhase section */

/* Begin PBXTargetDependency section */
		92CC991C24069B650041B8E8 /* PBXTargetDependency */ = {
			isa = PBXTargetDependency;
			target = 92CC990324069B630041B8E8 /* delete */;
			targetProxy = 92CC991B24069B650041B8E8 /* PBXContainerItemProxy */;
		};
		92CC992724069B650041B8E8 /* PBXTargetDependency */ = {
			isa = PBXTargetDependency;
			target = 92CC990324069B630041B8E8 /* delete */;
			targetProxy = 92CC992624069B650041B8E8 /* PBXContainerItemProxy */;
		};
/* End PBXTargetDependency section */

/* Begin PBXVariantGroup section */
		92CC991224069B650041B8E8 /* LaunchScreen.storyboard */ = {
			isa = PBXVariantGroup;
			children = (
				92CC991324069B650041B8E8 /* Base */,
			);
			name = LaunchScreen.storyboard;
			sourceTree = "<group>";
		};
/* End PBXVariantGroup section */

/* Begin XCBuildConfiguration section */
		92CC992C24069B660041B8E8 /* Debug */ = {
			isa = XCBuildConfiguration;
			buildSettings = {
				ALWAYS_SEARCH_USER_PATHS = NO;
				CLANG_ANALYZER_NONNULL = YES;
				CLANG_ANALYZER_NUMBER_OBJECT_CONVERSION = YES_AGGRESSIVE;
				CLANG_CXX_LANGUAGE_STANDARD = "gnu++14";
				CLANG_CXX_LIBRARY = "libc++";
				CLANG_ENABLE_MODULES = YES;
				CLANG_ENABLE_OBJC_ARC = YES;
				CLANG_ENABLE_OBJC_WEAK = YES;
				CLANG_WARN_BLOCK_CAPTURE_AUTORELEASING = YES;
				CLANG_WARN_BOOL_CONVERSION = YES;
				CLANG_WARN_COMMA = YES;
				CLANG_WARN_CONSTANT_CONVERSION = YES;
				CLANG_WARN_DEPRECATED_OBJC_IMPLEMENTATIONS = YES;
				CLANG_WARN_DIRECT_OBJC_ISA_USAGE = YES_ERROR;
				CLANG_WARN_DOCUMENTATION_COMMENTS = YES;
				CLANG_WARN_EMPTY_BODY = YES;
				CLANG_WARN_ENUM_CONVERSION = YES;
				CLANG_WARN_INFINITE_RECURSION = YES;
				CLANG_WARN_INT_CONVERSION = YES;
				CLANG_WARN_NON_LITERAL_NULL_CONVERSION = YES;
				CLANG_WARN_OBJC_IMPLICIT_RETAIN_SELF = YES;
				CLANG_WARN_OBJC_LITERAL_CONVERSION = YES;
				CLANG_WARN_OBJC_ROOT_CLASS = YES_ERROR;
				CLANG_WARN_RANGE_LOOP_ANALYSIS = YES;
				CLANG_WARN_STRICT_PROTOTYPES = YES;
				CLANG_WARN_SUSPICIOUS_MOVE = YES;
				CLANG_WARN_UNGUARDED_AVAILABILITY = YES_AGGRESSIVE;
				CLANG_WARN_UNREACHABLE_CODE = YES;
				CLANG_WARN__DUPLICATE_METHOD_MATCH = YES;
				COPY_PHASE_STRIP = NO;
				DEBUG_INFORMATION_FORMAT = dwarf;
				ENABLE_STRICT_OBJC_MSGSEND = YES;
				ENABLE_TESTABILITY = YES;
				GCC_C_LANGUAGE_STANDARD = gnu11;
				GCC_DYNAMIC_NO_PIC = NO;
				GCC_NO_COMMON_BLOCKS = YES;
				GCC_OPTIMIZATION_LEVEL = 0;
				GCC_PREPROCESSOR_DEFINITIONS = (
					"DEBUG=1",
					"$(inherited)",
				);
				GCC_WARN_64_TO_32_BIT_CONVERSION = YES;
				GCC_WARN_ABOUT_RETURN_TYPE = YES_ERROR;
				GCC_WARN_UNDECLARED_SELECTOR = YES;
				GCC_WARN_UNINITIALIZED_AUTOS = YES_AGGRESSIVE;
				GCC_WARN_UNUSED_FUNCTION = YES;
				GCC_WARN_UNUSED_VARIABLE = YES;
				IPHONEOS_DEPLOYMENT_TARGET = 13.2;
				MTL_ENABLE_DEBUG_INFO = INCLUDE_SOURCE;
				MTL_FAST_MATH = YES;
				ONLY_ACTIVE_ARCH = YES;
				SDKROOT = iphoneos;
				SWIFT_ACTIVE_COMPILATION_CONDITIONS = DEBUG;
				SWIFT_OPTIMIZATION_LEVEL = "-Onone";
			};
			name = Debug;
		};
		92CC992D24069B660041B8E8 /* Release */ = {
			isa = XCBuildConfiguration;
			buildSettings = {
				ALWAYS_SEARCH_USER_PATHS = NO;
				CLANG_ANALYZER_NONNULL = YES;
				CLANG_ANALYZER_NUMBER_OBJECT_CONVERSION = YES_AGGRESSIVE;
				CLANG_CXX_LANGUAGE_STANDARD = "gnu++14";
				CLANG_CXX_LIBRARY = "libc++";
				CLANG_ENABLE_MODULES = YES;
				CLANG_ENABLE_OBJC_ARC = YES;
				CLANG_ENABLE_OBJC_WEAK = YES;
				CLANG_WARN_BLOCK_CAPTURE_AUTORELEASING = YES;
				CLANG_WARN_BOOL_CONVERSION = YES;
				CLANG_WARN_COMMA = YES;
				CLANG_WARN_CONSTANT_CONVERSION = YES;
				CLANG_WARN_DEPRECATED_OBJC_IMPLEMENTATIONS = YES;
				CLANG_WARN_DIRECT_OBJC_ISA_USAGE = YES_ERROR;
				CLANG_WARN_DOCUMENTATION_COMMENTS = YES;
				CLANG_WARN_EMPTY_BODY = YES;
				CLANG_WARN_ENUM_CONVERSION = YES;
				CLANG_WARN_INFINITE_RECURSION = YES;
				CLANG_WARN_INT_CONVERSION = YES;
				CLANG_WARN_NON_LITERAL_NULL_CONVERSION = YES;
				CLANG_WARN_OBJC_IMPLICIT_RETAIN_SELF = YES;
				CLANG_WARN_OBJC_LITERAL_CONVERSION = YES;
				CLANG_WARN_OBJC_ROOT_CLASS = YES_ERROR;
				CLANG_WARN_RANGE_LOOP_ANALYSIS = YES;
				CLANG_WARN_STRICT_PROTOTYPES = YES;
				CLANG_WARN_SUSPICIOUS_MOVE = YES;
				CLANG_WARN_UNGUARDED_AVAILABILITY = YES_AGGRESSIVE;
				CLANG_WARN_UNREACHABLE_CODE = YES;
				CLANG_WARN__DUPLICATE_METHOD_MATCH = YES;
				COPY_PHASE_STRIP = NO;
				DEBUG_INFORMATION_FORMAT = "dwarf-with-dsym";
				ENABLE_NS_ASSERTIONS = NO;
				ENABLE_STRICT_OBJC_MSGSEND = YES;
				GCC_C_LANGUAGE_STANDARD = gnu11;
				GCC_NO_COMMON_BLOCKS = YES;
				GCC_WARN_64_TO_32_BIT_CONVERSION = YES;
				GCC_WARN_ABOUT_RETURN_TYPE = YES_ERROR;
				GCC_WARN_UNDECLARED_SELECTOR = YES;
				GCC_WARN_UNINITIALIZED_AUTOS = YES_AGGRESSIVE;
				GCC_WARN_UNUSED_FUNCTION = YES;
				GCC_WARN_UNUSED_VARIABLE = YES;
				IPHONEOS_DEPLOYMENT_TARGET = 13.2;
				MTL_ENABLE_DEBUG_INFO = NO;
				MTL_FAST_MATH = YES;
				SDKROOT = iphoneos;
				SWIFT_COMPILATION_MODE = wholemodule;
				SWIFT_OPTIMIZATION_LEVEL = "-O";
				VALIDATE_PRODUCT = YES;
			};
			name = Release;
		};
		92CC992F24069B660041B8E8 /* Debug */ = {
			isa = XCBuildConfiguration;
			buildSettings = {
				ASSETCATALOG_COMPILER_APPICON_NAME = AppIcon;
				CODE_SIGN_STYLE = Automatic;
				DEVELOPMENT_ASSET_PATHS = "\"delete/Preview Content\"";
				ENABLE_PREVIEWS = YES;
				INFOPLIST_FILE = delete/Info.plist;
				LD_RUNPATH_SEARCH_PATHS = (
					"$(inherited)",
					"@executable_path/Frameworks",
				);
				PRODUCT_BUNDLE_IDENTIFIER = com.pizza.delete;
				PRODUCT_NAME = "$(TARGET_NAME)";
				SWIFT_VERSION = 5.0;
				TARGETED_DEVICE_FAMILY = "1,2";
			};
			name = Debug;
		};
		92CC993024069B660041B8E8 /* Release */ = {
			isa = XCBuildConfiguration;
			buildSettings = {
				ASSETCATALOG_COMPILER_APPICON_NAME = AppIcon;
				CODE_SIGN_STYLE = Automatic;
				DEVELOPMENT_ASSET_PATHS = "\"delete/Preview Content\"";
				ENABLE_PREVIEWS = YES;
				INFOPLIST_FILE = delete/Info.plist;
				LD_RUNPATH_SEARCH_PATHS = (
					"$(inherited)",
					"@executable_path/Frameworks",
				);
				PRODUCT_BUNDLE_IDENTIFIER = com.pizza.delete;
				PRODUCT_NAME = "$(TARGET_NAME)";
				SWIFT_VERSION = 5.0;
				TARGETED_DEVICE_FAMILY = "1,2";
			};
			name = Release;
		};
		92CC993224069B660041B8E8 /* Debug */ = {
			isa = XCBuildConfiguration;
			buildSettings = {
				ALWAYS_EMBED_SWIFT_STANDARD_LIBRARIES = YES;
				BUNDLE_LOADER = "$(TEST_HOST)";
				CODE_SIGN_STYLE = Automatic;
				INFOPLIST_FILE = deleteTests/Info.plist;
				IPHONEOS_DEPLOYMENT_TARGET = 13.2;
				LD_RUNPATH_SEARCH_PATHS = (
					"$(inherited)",
					"@executable_path/Frameworks",
					"@loader_path/Frameworks",
				);
				PRODUCT_BUNDLE_IDENTIFIER = com.pizza.deleteTests;
				PRODUCT_NAME = "$(TARGET_NAME)";
				SWIFT_VERSION = 5.0;
				TARGETED_DEVICE_FAMILY = "1,2";
				TEST_HOST = "$(BUILT_PRODUCTS_DIR)/delete.app/delete";
			};
			name = Debug;
		};
		92CC993324069B660041B8E8 /* Release */ = {
			isa = XCBuildConfiguration;
			buildSettings = {
				ALWAYS_EMBED_SWIFT_STANDARD_LIBRARIES = YES;
				BUNDLE_LOADER = "$(TEST_HOST)";
				CODE_SIGN_STYLE = Automatic;
				INFOPLIST_FILE = deleteTests/Info.plist;
				IPHONEOS_DEPLOYMENT_TARGET = 13.2;
				LD_RUNPATH_SEARCH_PATHS = (
					"$(inherited)",
					"@executable_path/Frameworks",
					"@loader_path/Frameworks",
				);
				PRODUCT_BUNDLE_IDENTIFIER = com.pizza.deleteTests;
				PRODUCT_NAME = "$(TARGET_NAME)";
				SWIFT_VERSION = 5.0;
				TARGETED_DEVICE_FAMILY = "1,2";
				TEST_HOST = "$(BUILT_PRODUCTS_DIR)/delete.app/delete";
			};
			name = Release;
		};
		92CC993524069B660041B8E8 /* Debug */ = {
			isa = XCBuildConfiguration;
			buildSettings = {
				ALWAYS_EMBED_SWIFT_STANDARD_LIBRARIES = YES;
				CODE_SIGN_STYLE = Automatic;
				INFOPLIST_FILE = deleteUITests/Info.plist;
				LD_RUNPATH_SEARCH_PATHS = (
					"$(inherited)",
					"@executable_path/Frameworks",
					"@loader_path/Frameworks",
				);
				PRODUCT_BUNDLE_IDENTIFIER = com.pizza.deleteUITests;
				PRODUCT_NAME = "$(TARGET_NAME)";
				SWIFT_VERSION = 5.0;
				TARGETED_DEVICE_FAMILY = "1,2";
				TEST_TARGET_NAME = delete;
			};
			name = Debug;
		};
		92CC993624069B660041B8E8 /* Release */ = {
			isa = XCBuildConfiguration;
			buildSettings = {
				ALWAYS_EMBED_SWIFT_STANDARD_LIBRARIES = YES;
				CODE_SIGN_STYLE = Automatic;
				INFOPLIST_FILE = deleteUITests/Info.plist;
				LD_RUNPATH_SEARCH_PATHS = (
					"$(inherited)",
					"@executable_path/Frameworks",
					"@loader_path/Frameworks",
				);
				PRODUCT_BUNDLE_IDENTIFIER = com.pizza.deleteUITests;
				PRODUCT_NAME = "$(TARGET_NAME)";
				SWIFT_VERSION = 5.0;
				TARGETED_DEVICE_FAMILY = "1,2";
				TEST_TARGET_NAME = delete;
			};
			name = Release;
		};
/* End XCBuildConfiguration section */

/* Begin XCConfigurationList section */
		92CC98FF24069B630041B8E8 /* Build configuration list for PBXProject "delete" */ = {
			isa = XCConfigurationList;
			buildConfigurations = (
				92CC992C24069B660041B8E8 /* Debug */,
				92CC992D24069B660041B8E8 /* Release */,
			);
			defaultConfigurationIsVisible = 0;
			defaultConfigurationName = Release;
		};
		92CC992E24069B660041B8E8 /* Build configuration list for PBXNativeTarget "delete" */ = {
			isa = XCConfigurationList;
			buildConfigurations = (
				92CC992F24069B660041B8E8 /* Debug */,
				92CC993024069B660041B8E8 /* Release */,
			);
			defaultConfigurationIsVisible = 0;
			defaultConfigurationName = Release;
		};
		92CC993124069B660041B8E8 /* Build configuration list for PBXNativeTarget "deleteTests" */ = {
			isa = XCConfigurationList;
			buildConfigurations = (
				92CC993224069B660041B8E8 /* Debug */,
				92CC993324069B660041B8E8 /* Release */,
			);
			defaultConfigurationIsVisible = 0;
			defaultConfigurationName = Release;
		};
		92CC993424069B660041B8E8 /* Build configuration list for PBXNativeTarget "deleteUITests" */ = {
			isa = XCConfigurationList;
			buildConfigurations = (
				92CC993524069B660041B8E8 /* Debug */,
				92CC993624069B660041B8E8 /* Release */,
			);
			defaultConfigurationIsVisible = 0;
			defaultConfigurationName = Release;
		};
/* End XCConfigurationList section */
	};
	rootObject = 92CC98FC24069B630041B8E8 /* Project object */;
}
